
Microsoft Visual Studio Solution File, Format Version 10.00
# Visual Studio 2008
Project("{FAE04EC0-301F-11D3-BF4B-00C04F79EFBC}") = "KohonenSomDemo", "Kohonen SOM Demo\KohonenSomDemo.csproj", "{FD1B060E-89E5-41FF-B329-B63DFFB25EA6}"
EndProject
Global
	GlobalSection(SolutionConfigurationPlatforms) = preSolution
		Debug|Any CPU = Debug|Any CPU
		Release|Any CPU = Release|Any CPU
	EndGlobalSection
	GlobalSection(ProjectConfigurationPlatforms) = postSolution
		{FD1B060E-89E5-41FF-B329-B63DFFB25EA6}.Debug|Any CPU.ActiveCfg = Debug|Any CPU
		{FD1B060E-89E5-41FF-B329-B63DFFB25EA6}.Debug|Any CPU.Build.0 = Debug|Any CPU
		{FD1B060E-89E5-41FF-B329-B63DFFB25EA6}.Release|Any CPU.ActiveCfg = Release|Any CPU
		{FD1B060E-89E5-41FF-B329-B63DFFB25EA6}.Release|Any CPU.Build.0 = Release|Any CPU
	EndGlobalSection
	GlobalSection(SolutionProperties) = preSolution
		HideSolutionNode = FALSE
	EndGlobalSection
EndGlobal
